
Microsoft Visual Studio Solution File, Format Version 12.00
# Visual Studio Version 17
VisualStudioVersion = 17.3.32901.215
MinimumVisualStudioVersion = 10.0.40219.1
Project("{FAE04EC0-301F-11D3-BF4B-00C04F79EFBC}") = "Lab6", "Lab6.csproj", "{FAF13BD6-CB32-4819-B6ED-D7F7077F997D}"
EndProject
Global
	GlobalSection(SolutionConfigurationPlatforms) = preSolution
		Debug|Any CPU = Debug|Any CPU
		Release|Any CPU = Release|Any CPU
	EndGlobalSection
	GlobalSection(ProjectConfigurationPlatforms) = postSolution
		{FAF13BD6-CB32-4819-B6ED-D7F7077F997D}.Debug|Any CPU.ActiveCfg = Debug|Any CPU
		{FAF13BD6-CB32-4819-B6ED-D7F7077F997D}.Debug|Any CPU.Build.0 = Debug|Any CPU
		{FAF13BD6-CB32-4819-B6ED-D7F7077F997D}.Release|Any CPU.ActiveCfg = Release|Any CPU
		{FAF13BD6-CB32-4819-B6ED-D7F7077F997D}.Release|Any CPU.Build.0 = Release|Any CPU
	EndGlobalSection
	GlobalSection(SolutionProperties) = preSolution
		HideSolutionNode = FALSE
	EndGlobalSection
	GlobalSection(ExtensibilityGlobals) = postSolution
		SolutionGuid = {B7B34EEC-BD85-4881-867F-0C8C1C9AAF7E}
	EndGlobalSection
EndGlobal
